
Microsoft Visual Studio Solution File, Format Version 12.00
# Visual Studio Version 17
VisualStudioVersion = 17.0.32112.339
MinimumVisualStudioVersion = 10.0.40219.1
Project("{FAE04EC0-301F-11D3-BF4B-00C04F79EFBC}") = "Examples", "Examples\Examples.csproj", "{0A7CFE96-3E93-446D-9BB3-BA0FC7498B46}"
EndProject
Project("{FAE04EC0-301F-11D3-BF4B-00C04F79EFBC}") = "ag.WPF.Chart", "ag.WPF.Chart.Classic\ag.WPF.Chart.csproj", "{95D1FFA0-2CB9-43A0-9E05-E10F29089877}"
EndProject
Project("{FAE04EC0-301F-11D3-BF4B-00C04F79EFBC}") = "ag.WPF.Chart.NET", "ag.WPF.Chart.NET\ag.WPF.Chart.NET.csproj", "{9852138D-D25F-427A-B982-1B5EFC0A1FEB}"
EndProject
Global
	GlobalSection(SolutionConfigurationPlatforms) = preSolution
		Debug|Any CPU = Debug|Any CPU
		Release|Any CPU = Release|Any CPU
	EndGlobalSection
	GlobalSection(ProjectConfigurationPlatforms) = postSolution
		{0A7CFE96-3E93-446D-9BB3-BA0FC7498B46}.Debug|Any CPU.ActiveCfg = Debug|Any CPU
		{0A7CFE96-3E93-446D-9BB3-BA0FC7498B46}.Debug|Any CPU.Build.0 = Debug|Any CPU
		{0A7CFE96-3E93-446D-9BB3-BA0FC7498B46}.Release|Any CPU.ActiveCfg = Release|Any CPU
		{0A7CFE96-3E93-446D-9BB3-BA0FC7498B46}.Release|Any CPU.Build.0 = Release|Any CPU
		{95D1FFA0-2CB9-43A0-9E05-E10F29089877}.Debug|Any CPU.ActiveCfg = Debug|Any CPU
		{95D1FFA0-2CB9-43A0-9E05-E10F29089877}.Debug|Any CPU.Build.0 = Debug|Any CPU
		{95D1FFA0-2CB9-43A0-9E05-E10F29089877}.Release|Any CPU.ActiveCfg = Release|Any CPU
		{95D1FFA0-2CB9-43A0-9E05-E10F29089877}.Release|Any CPU.Build.0 = Release|Any CPU
		{9852138D-D25F-427A-B982-1B5EFC0A1FEB}.Debug|Any CPU.ActiveCfg = Debug|Any CPU
		{9852138D-D25F-427A-B982-1B5EFC0A1FEB}.Debug|Any CPU.Build.0 = Debug|Any CPU
		{9852138D-D25F-427A-B982-1B5EFC0A1FEB}.Release|Any CPU.ActiveCfg = Release|Any CPU
		{9852138D-D25F-427A-B982-1B5EFC0A1FEB}.Release|Any CPU.Build.0 = Release|Any CPU
	EndGlobalSection
	GlobalSection(SolutionProperties) = preSolution
		HideSolutionNode = FALSE
	EndGlobalSection
	GlobalSection(ExtensibilityGlobals) = postSolution
		SolutionGuid = {367E85F6-5CE5-4131-915C-24B51A8C7B1B}
	EndGlobalSection
EndGlobal
